
Microsoft Visual Studio Solution File, Format Version 12.00
# Visual Studio Version 16
VisualStudioVersion = 16.0.29306.81
MinimumVisualStudioVersion = 10.0.40219.1
Project("{FAE04EC0-301F-11D3-BF4B-00C04F79EFBC}") = "WіnContaіner", "WіnContaіner\WіnContaіner.csproj", "{09F7DEAC-DC55-42B8-A637-1DFE49CD00F7}"
EndProject
Global
	GlobalSection(SolutionConfigurationPlatforms) = preSolution
		Debug|Any CPU = Debug|Any CPU
		Release|Any CPU = Release|Any CPU
	EndGlobalSection
	GlobalSection(ProjectConfigurationPlatforms) = postSolution
		{09F7DEAC-DC55-42B8-A637-1DFE49CD00F7}.Debug|Any CPU.ActiveCfg = Debug|Any CPU
		{09F7DEAC-DC55-42B8-A637-1DFE49CD00F7}.Debug|Any CPU.Build.0 = Debug|Any CPU
		{09F7DEAC-DC55-42B8-A637-1DFE49CD00F7}.Release|Any CPU.ActiveCfg = Release|Any CPU
		{09F7DEAC-DC55-42B8-A637-1DFE49CD00F7}.Release|Any CPU.Build.0 = Release|Any CPU
	EndGlobalSection
	GlobalSection(SolutionProperties) = preSolution
		HideSolutionNode = FALSE
	EndGlobalSection
	GlobalSection(ExtensibilityGlobals) = postSolution
		SolutionGuid = {E761F5D5-A70A-4FE3-9862-5AE854FB730A}
	EndGlobalSection
EndGlobal
